
Microsoft Visual Studio Solution File, Format Version 12.00
# Visual Studio Version 17
VisualStudioVersion = 17.7.34202.233
MinimumVisualStudioVersion = 10.0.40219.1
Project("{FAE04EC0-301F-11D3-BF4B-00C04F79EFBC}") = "Wpf_tut14_StackPanel", "Wpf_tut14_StackPanel\Wpf_tut14_StackPanel.csproj", "{94DF5A8B-B38D-4218-AF32-4A6520F28310}"
EndProject
Global
	GlobalSection(SolutionConfigurationPlatforms) = preSolution
		Debug|Any CPU = Debug|Any CPU
		Release|Any CPU = Release|Any CPU
	EndGlobalSection
	GlobalSection(ProjectConfigurationPlatforms) = postSolution
		{94DF5A8B-B38D-4218-AF32-4A6520F28310}.Debug|Any CPU.ActiveCfg = Debug|Any CPU
		{94DF5A8B-B38D-4218-AF32-4A6520F28310}.Debug|Any CPU.Build.0 = Debug|Any CPU
		{94DF5A8B-B38D-4218-AF32-4A6520F28310}.Release|Any CPU.ActiveCfg = Release|Any CPU
		{94DF5A8B-B38D-4218-AF32-4A6520F28310}.Release|Any CPU.Build.0 = Release|Any CPU
	EndGlobalSection
	GlobalSection(SolutionProperties) = preSolution
		HideSolutionNode = FALSE
	EndGlobalSection
	GlobalSection(ExtensibilityGlobals) = postSolution
		SolutionGuid = {2499202C-BE3D-4066-B95E-3E20D9B5EFD4}
	EndGlobalSection
EndGlobal
