
Microsoft Visual Studio Solution File, Format Version 12.00
# Visual Studio Version 17
VisualStudioVersion = 17.10.34928.147
MinimumVisualStudioVersion = 10.0.40219.1
Project("{FAE04EC0-301F-11D3-BF4B-00C04F79EFBC}") = "Wpf_tut18_Custom_WIndow", "Wpf_tut18_Custom_WIndow\Wpf_tut18_Custom_WIndow.csproj", "{43CDB11E-355D-4E20-8979-96E287E5D76B}"
EndProject
Global
	GlobalSection(SolutionConfigurationPlatforms) = preSolution
		Debug|Any CPU = Debug|Any CPU
		Release|Any CPU = Release|Any CPU
	EndGlobalSection
	GlobalSection(ProjectConfigurationPlatforms) = postSolution
		{43CDB11E-355D-4E20-8979-96E287E5D76B}.Debug|Any CPU.ActiveCfg = Debug|Any CPU
		{43CDB11E-355D-4E20-8979-96E287E5D76B}.Debug|Any CPU.Build.0 = Debug|Any CPU
		{43CDB11E-355D-4E20-8979-96E287E5D76B}.Release|Any CPU.ActiveCfg = Release|Any CPU
		{43CDB11E-355D-4E20-8979-96E287E5D76B}.Release|Any CPU.Build.0 = Release|Any CPU
	EndGlobalSection
	GlobalSection(SolutionProperties) = preSolution
		HideSolutionNode = FALSE
	EndGlobalSection
	GlobalSection(ExtensibilityGlobals) = postSolution
		SolutionGuid = {857AF19E-E4D2-4996-8751-BB400CF7C643}
	EndGlobalSection
EndGlobal
