
Microsoft Visual Studio Solution File, Format Version 12.00
# Visual Studio Version 17
VisualStudioVersion = 17.10.34928.147
MinimumVisualStudioVersion = 10.0.40219.1
Project("{FAE04EC0-301F-11D3-BF4B-00C04F79EFBC}") = "Wpf_tut16_Expander", "Wpf_tut16_Expander\Wpf_tut16_Expander.csproj", "{39F45DFE-0D78-4F5F-8BF3-9572C082C8D3}"
EndProject
Global
	GlobalSection(SolutionConfigurationPlatforms) = preSolution
		Debug|Any CPU = Debug|Any CPU
		Release|Any CPU = Release|Any CPU
	EndGlobalSection
	GlobalSection(ProjectConfigurationPlatforms) = postSolution
		{39F45DFE-0D78-4F5F-8BF3-9572C082C8D3}.Debug|Any CPU.ActiveCfg = Debug|Any CPU
		{39F45DFE-0D78-4F5F-8BF3-9572C082C8D3}.Debug|Any CPU.Build.0 = Debug|Any CPU
		{39F45DFE-0D78-4F5F-8BF3-9572C082C8D3}.Release|Any CPU.ActiveCfg = Release|Any CPU
		{39F45DFE-0D78-4F5F-8BF3-9572C082C8D3}.Release|Any CPU.Build.0 = Release|Any CPU
	EndGlobalSection
	GlobalSection(SolutionProperties) = preSolution
		HideSolutionNode = FALSE
	EndGlobalSection
	GlobalSection(ExtensibilityGlobals) = postSolution
		SolutionGuid = {AFF30BB7-054C-48BD-9024-67C1E4CA5E04}
	EndGlobalSection
EndGlobal
